
Microsoft Visual Studio Solution File, Format Version 12.00
Project("{FAE04EC0-301F-11D3-BF4B-00C04F79EFBC}") = "patch1337tocpp", "patch1337tocpp\patch1337tocpp.csproj", "{3EB7100B-1197-4E17-B057-7F9135AE1392}"
EndProject
Global
	GlobalSection(SolutionConfigurationPlatforms) = preSolution
		Debug|Any CPU = Debug|Any CPU
		Release|Any CPU = Release|Any CPU
	EndGlobalSection
	GlobalSection(ProjectConfigurationPlatforms) = postSolution
		{3EB7100B-1197-4E17-B057-7F9135AE1392}.Debug|Any CPU.ActiveCfg = Debug|Any CPU
		{3EB7100B-1197-4E17-B057-7F9135AE1392}.Debug|Any CPU.Build.0 = Debug|Any CPU
		{3EB7100B-1197-4E17-B057-7F9135AE1392}.Release|Any CPU.ActiveCfg = Release|Any CPU
		{3EB7100B-1197-4E17-B057-7F9135AE1392}.Release|Any CPU.Build.0 = Release|Any CPU
	EndGlobalSection
EndGlobal
